
Microsoft Visual Studio Solution File, Format Version 12.00
# Visual Studio Version 17
VisualStudioVersion = 17.0.32014.148
MinimumVisualStudioVersion = 10.0.40219.1
Project("{FAE04EC0-301F-11D3-BF4B-00C04F79EFBC}") = "InnerFactory", "InnerFactory\InnerFactory.csproj", "{F668250F-019E-4A03-9917-9F47A302D22D}"
EndProject
Global
	GlobalSection(SolutionConfigurationPlatforms) = preSolution
		Debug|Any CPU = Debug|Any CPU
		Release|Any CPU = Release|Any CPU
	EndGlobalSection
	GlobalSection(ProjectConfigurationPlatforms) = postSolution
		{F668250F-019E-4A03-9917-9F47A302D22D}.Debug|Any CPU.ActiveCfg = Debug|Any CPU
		{F668250F-019E-4A03-9917-9F47A302D22D}.Debug|Any CPU.Build.0 = Debug|Any CPU
		{F668250F-019E-4A03-9917-9F47A302D22D}.Release|Any CPU.ActiveCfg = Release|Any CPU
		{F668250F-019E-4A03-9917-9F47A302D22D}.Release|Any CPU.Build.0 = Release|Any CPU
	EndGlobalSection
	GlobalSection(SolutionProperties) = preSolution
		HideSolutionNode = FALSE
	EndGlobalSection
	GlobalSection(ExtensibilityGlobals) = postSolution
		SolutionGuid = {4BF2B991-25F2-47DF-AB32-38EBD27A8605}
	EndGlobalSection
EndGlobal
