
Microsoft Visual Studio Solution File, Format Version 12.00
# Visual Studio Version 17
VisualStudioVersion = 17.0.32014.148
MinimumVisualStudioVersion = 10.0.40219.1
Project("{FAE04EC0-301F-11D3-BF4B-00C04F79EFBC}") = "Builder_Pattern", "Builder_Pattern\Builder_Pattern.csproj", "{6A4F4AA0-8BD7-42C7-8BA7-EDB982758181}"
EndProject
Global
	GlobalSection(SolutionConfigurationPlatforms) = preSolution
		Debug|Any CPU = Debug|Any CPU
		Release|Any CPU = Release|Any CPU
	EndGlobalSection
	GlobalSection(ProjectConfigurationPlatforms) = postSolution
		{6A4F4AA0-8BD7-42C7-8BA7-EDB982758181}.Debug|Any CPU.ActiveCfg = Debug|Any CPU
		{6A4F4AA0-8BD7-42C7-8BA7-EDB982758181}.Debug|Any CPU.Build.0 = Debug|Any CPU
		{6A4F4AA0-8BD7-42C7-8BA7-EDB982758181}.Release|Any CPU.ActiveCfg = Release|Any CPU
		{6A4F4AA0-8BD7-42C7-8BA7-EDB982758181}.Release|Any CPU.Build.0 = Release|Any CPU
	EndGlobalSection
	GlobalSection(SolutionProperties) = preSolution
		HideSolutionNode = FALSE
	EndGlobalSection
	GlobalSection(ExtensibilityGlobals) = postSolution
		SolutionGuid = {A851276A-50D0-4803-A559-3C40FD2267E9}
	EndGlobalSection
EndGlobal
